version = 1
requires-python = ">=3.12"

[[package]]
name = "browser"
version = "0.1.0"
source = { virtual = "." }
dependencies = [
    { name = "dukpy" },
    { name = "pillow" },
    { name = "pysdl2" },
    { name = "pysdl2-dll" },
    { name = "skia-python" },
]

[package.metadata]
requires-dist = [
    { name = "dukpy", specifier = ">=0.4.0" },
    { name = "pillow", specifier = ">=10.4.0" },
    { name = "pysdl2", specifier = ">=0.9.16" },
    { name = "pysdl2-dll", specifier = ">=2.30.2" },
    { name = "skia-python", specifier = ">=87.6" },
]

[[package]]
name = "dukpy"
version = "0.4.0"
source = { registry = "https://pypi.org/simple" }
dependencies = [
    { name = "mutf8" },
]
sdist = { url = "https://files.pythonhosted.org/packages/d1/0b/402194ebcd92bb5a743106c0f4af8cf6fc75bcfeb441b90290accb197745/dukpy-0.4.0.tar.gz", hash = "sha256:677ec7102d1c1c511f7ef918078e8099778dbcea7caf3d6a2a2a72f72aa2d135", size = 1981503 }
wheels = [
    { url = "https://files.pythonhosted.org/packages/0e/21/d34c9c1f11e537cc9a98283baaf5468ef75930239322fe8491db611b0e61/dukpy-0.4.0-cp312-cp312-macosx_10_9_x86_64.whl", hash = "sha256:de46d0b9a38971afad0e85f45ec36728f818e9ca475a8756a62231f42b5bf457", size = 1367119 },
    { url = "https://files.pythonhosted.org/packages/bc/74/0f21a3e322637b1274c26a6d3d1045c09fadefbc172a402bcf495eaba47f/dukpy-0.4.0-cp312-cp312-macosx_11_0_arm64.whl", hash = "sha256:9923170321ebf8c0ac96c6b9fe5f28d7124fd5bc991291bba98d6913e2669e15", size = 1338495 },
    { url = "https://files.pythonhosted.org/packages/ae/1a/07a1218e4fa31c6d62d7c5338806933e09da8fec5b1ad8c1dd6b638d0329/dukpy-0.4.0-cp312-cp312-manylinux_2_17_aarch64.manylinux2014_aarch64.whl", hash = "sha256:eaedc9f39c9f228c193b3f6758580765990dd99c0320f3712d0c10a1720bf266", size = 2405015 },
    { url = "https://files.pythonhosted.org/packages/c2/08/71e5b999b7656dcd42d17b0487f797365796a7073a33c1b110ef4b3f0620/dukpy-0.4.0-cp312-cp312-manylinux_2_17_x86_64.manylinux2014_x86_64.whl", hash = "sha256:5c23782b9738374e2481def88aebf975e754471efab29eb1f5a03da8c2354ec3", size = 2463502 },
    { url = "https://files.pythonhosted.org/packages/b0/f9/238bdd27353ae733f9c14c51a94fa0c479357ec506a833c5225766c4e05d/dukpy-0.4.0-cp312-cp312-manylinux_2_5_i686.manylinux1_i686.manylinux_2_17_i686.manylinux2014_i686.whl", hash = "sha256:053da89e1d51c8ac6bee9f631fe068a2ff6341333559d8fc2c896bdb24c573a9", size = 2419943 },
    { url = "https://files.pythonhosted.org/packages/df/13/ad52b016df02eed3740f2a66ee05a1b3fa36fb811cd54e72d6ed96d001b4/dukpy-0.4.0-cp312-cp312-musllinux_1_1_aarch64.whl", hash = "sha256:faf977a2a9f60a9717c0a963b40738144b7375df997238927273e155456f01d4", size = 2416616 },
    { url = "https://files.pythonhosted.org/packages/54/ef/5ea69c9d746b2936a5f6a4a0d876bbcb98be8489e48c530e6fe9f5647e89/dukpy-0.4.0-cp312-cp312-musllinux_1_1_i686.whl", hash = "sha256:df4ddae0761700dbcd96632087a39c9f3fc7671487c68da20432e9ace63a5a8d", size = 2450854 },
    { url = "https://files.pythonhosted.org/packages/69/e7/f36e196552f769bccbd18ce3272f734d5c6fd00058565b4d23360e5bcc93/dukpy-0.4.0-cp312-cp312-musllinux_1_1_x86_64.whl", hash = "sha256:4c0ded9a59eaefb1309459328e9655a4cf33cffd8e5322adc0d6def016e57d7b", size = 2486724 },
    { url = "https://files.pythonhosted.org/packages/95/a9/eefab4b73ab6aa5cf03488fd3dfa0d6b3f1985800272e1fc9ff84289cee0/dukpy-0.4.0-cp312-cp312-win32.whl", hash = "sha256:fac4d953a2e2a98dd1a0369fbc357cef7f4c24ff314306cc192964ec0c126067", size = 1256900 },
    { url = "https://files.pythonhosted.org/packages/8e/74/cdb9d3cd9e3c638801918ba430f53f077a4fd28fe39e1fe6fde74172e605/dukpy-0.4.0-cp312-cp312-win_amd64.whl", hash = "sha256:c653612b1083b45adf815cb137c2c7a16ff8604a70df04229bec8858ff80188c", size = 1297927 },
]

[[package]]
name = "mutf8"
version = "1.0.6"
source = { registry = "https://pypi.org/simple" }
sdist = { url = "https://files.pythonhosted.org/packages/ca/31/3c57313757b3a47dcf32d2a9bad55d913b797efc8814db31bed8a7142396/mutf8-1.0.6.tar.gz", hash = "sha256:1bbbefb67c2e5a57104750bb04b0912200b57b2fa9841be245279e83859cb346", size = 6424 }

[[package]]
name = "numpy"
version = "2.1.1"
source = { registry = "https://pypi.org/simple" }
sdist = { url = "https://files.pythonhosted.org/packages/59/5f/9003bb3e632f2b58f5e3a3378902dcc73c5518070736c6740fe52454e8e1/numpy-2.1.1.tar.gz", hash = "sha256:d0cf7d55b1051387807405b3898efafa862997b4cba8aa5dbe657be794afeafd", size = 18874860 }
wheels = [
    { url = "https://files.pythonhosted.org/packages/36/11/c573ef66c004f991989c2c6218229d9003164525549409aec5ec9afc0285/numpy-2.1.1-cp312-cp312-macosx_10_9_x86_64.whl", hash = "sha256:7c803b7934a7f59563db459292e6aa078bb38b7ab1446ca38dd138646a38203e", size = 20884403 },
    { url = "https://files.pythonhosted.org/packages/6b/6c/a9fbef5fd2f9685212af2a9e47485cde9357c3e303e079ccf85127516f2d/numpy-2.1.1-cp312-cp312-macosx_11_0_arm64.whl", hash = "sha256:6435c48250c12f001920f0751fe50c0348f5f240852cfddc5e2f97e007544cbe", size = 13493375 },
    { url = "https://files.pythonhosted.org/packages/34/f2/1316a6b08ad4c161d793abe81ff7181e9ae2e357a5b06352a383b9f8e800/numpy-2.1.1-cp312-cp312-macosx_14_0_arm64.whl", hash = "sha256:3269c9eb8745e8d975980b3a7411a98976824e1fdef11f0aacf76147f662b15f", size = 5088823 },
    { url = "https://files.pythonhosted.org/packages/be/15/fabf78a6d4a10c250e87daf1cd901af05e71501380532ac508879cc46a7e/numpy-2.1.1-cp312-cp312-macosx_14_0_x86_64.whl", hash = "sha256:fac6e277a41163d27dfab5f4ec1f7a83fac94e170665a4a50191b545721c6521", size = 6619825 },
    { url = "https://files.pythonhosted.org/packages/9f/8a/76ddef3e621541ddd6984bc24d256a4e3422d036790cbbe449e6cad439ee/numpy-2.1.1-cp312-cp312-manylinux_2_17_aarch64.manylinux2014_aarch64.whl", hash = "sha256:fcd8f556cdc8cfe35e70efb92463082b7f43dd7e547eb071ffc36abc0ca4699b", size = 13696705 },
    { url = "https://files.pythonhosted.org/packages/cb/22/2b840d297183916a95847c11f82ae11e248fa98113490b2357f774651e1d/numpy-2.1.1-cp312-cp312-manylinux_2_17_x86_64.manylinux2014_x86_64.whl", hash = "sha256:d2b9cd92c8f8e7b313b80e93cedc12c0112088541dcedd9197b5dee3738c1201", size = 16041649 },
    { url = "https://files.pythonhosted.org/packages/c7/e8/6f4825d8f576cfd5e4d6515b9eec22bd618868bdafc8a8c08b446dcb65f0/numpy-2.1.1-cp312-cp312-musllinux_1_1_x86_64.whl", hash = "sha256:afd9c680df4de71cd58582b51e88a61feed4abcc7530bcd3d48483f20fc76f2a", size = 16409358 },
    { url = "https://files.pythonhosted.org/packages/bf/f8/5edf1105b0dc24fd66fc3e9e7f3bca3d920cde571caaa4375ec1566073c3/numpy-2.1.1-cp312-cp312-musllinux_1_2_aarch64.whl", hash = "sha256:8661c94e3aad18e1ea17a11f60f843a4933ccaf1a25a7c6a9182af70610b2313", size = 14172488 },
    { url = "https://files.pythonhosted.org/packages/f4/c2/dddca3e69a024d2f249a5b68698328163cbdafb7e65fbf6d36373bbabf12/numpy-2.1.1-cp312-cp312-win32.whl", hash = "sha256:950802d17a33c07cba7fd7c3dcfa7d64705509206be1606f196d179e539111ed", size = 6237195 },
    { url = "https://files.pythonhosted.org/packages/b7/98/5640a09daa3abf0caeaefa6e7bf0d10c0aa28a77c84e507d6a716e0e23df/numpy-2.1.1-cp312-cp312-win_amd64.whl", hash = "sha256:3fc5eabfc720db95d68e6646e88f8b399bfedd235994016351b1d9e062c4b270", size = 12568082 },
    { url = "https://files.pythonhosted.org/packages/6b/9e/8bc6f133bc6d359ccc9ec051853aded45504d217685191f31f46d36b7065/numpy-2.1.1-cp313-cp313-macosx_10_13_x86_64.whl", hash = "sha256:046356b19d7ad1890c751b99acad5e82dc4a02232013bd9a9a712fddf8eb60f5", size = 20834810 },
    { url = "https://files.pythonhosted.org/packages/32/1b/429519a2fa28681814c511574017d35f3aab7136d554cc65f4c1526dfbf5/numpy-2.1.1-cp313-cp313-macosx_11_0_arm64.whl", hash = "sha256:6e5a9cb2be39350ae6c8f79410744e80154df658d5bea06e06e0ac5bb75480d5", size = 13507739 },
    { url = "https://files.pythonhosted.org/packages/25/18/c732d7dd9896d11e4afcd487ac65e62f9fa0495563b7614eb850765361fa/numpy-2.1.1-cp313-cp313-macosx_14_0_arm64.whl", hash = "sha256:d4c57b68c8ef5e1ebf47238e99bf27657511ec3f071c465f6b1bccbef12d4136", size = 5074465 },
    { url = "https://files.pythonhosted.org/packages/3e/37/838b7ae9262c370ab25312bab365492016f11810ffc03ebebbd54670b669/numpy-2.1.1-cp313-cp313-macosx_14_0_x86_64.whl", hash = "sha256:8ae0fd135e0b157365ac7cc31fff27f07a5572bdfc38f9c2d43b2aff416cc8b0", size = 6606418 },
    { url = "https://files.pythonhosted.org/packages/8b/b9/7ff3bfb71e316a5b43a124c4b7a5881ab12f3c32636014bef1f757f19dbd/numpy-2.1.1-cp313-cp313-manylinux_2_17_aarch64.manylinux2014_aarch64.whl", hash = "sha256:981707f6b31b59c0c24bcda52e5605f9701cb46da4b86c2e8023656ad3e833cb", size = 13692464 },
    { url = "https://files.pythonhosted.org/packages/42/78/75bcf16e6737cd196ff7ecf0e1fd3f953293a34dff4fd93fb488e8308536/numpy-2.1.1-cp313-cp313-manylinux_2_17_x86_64.manylinux2014_x86_64.whl", hash = "sha256:2ca4b53e1e0b279142113b8c5eb7d7a877e967c306edc34f3b58e9be12fda8df", size = 16037763 },
    { url = "https://files.pythonhosted.org/packages/23/99/36bf5ffe034d06df307bc783e25cf164775863166dcd878879559fe0379f/numpy-2.1.1-cp313-cp313-musllinux_1_1_x86_64.whl", hash = "sha256:e097507396c0be4e547ff15b13dc3866f45f3680f789c1a1301b07dadd3fbc78", size = 16410374 },
    { url = "https://files.pythonhosted.org/packages/7f/16/04c5dab564887d4cd31a9ed30e51467fa70d52a4425f5a9bd1eed5b3d34c/numpy-2.1.1-cp313-cp313-musllinux_1_2_aarch64.whl", hash = "sha256:f7506387e191fe8cdb267f912469a3cccc538ab108471291636a96a54e599556", size = 14169873 },
    { url = "https://files.pythonhosted.org/packages/09/e0/d1b5adbf1731886c4186c59a9fa208585df9452a43a2b60e79af7c649717/numpy-2.1.1-cp313-cp313-win32.whl", hash = "sha256:251105b7c42abe40e3a689881e1793370cc9724ad50d64b30b358bbb3a97553b", size = 6234118 },
    { url = "https://files.pythonhosted.org/packages/d0/9c/2391ee6e9ebe77232ddcab29d92662b545e99d78c3eb3b4e26d59b9ca1ca/numpy-2.1.1-cp313-cp313-win_amd64.whl", hash = "sha256:f212d4f46b67ff604d11fff7cc62d36b3e8714edf68e44e9760e19be38c03eb0", size = 12561742 },
    { url = "https://files.pythonhosted.org/packages/38/0e/c4f754f9e73f9bb520e8bf418c646f2c4f70c5d5f2bc561e90f884593193/numpy-2.1.1-cp313-cp313t-macosx_10_13_x86_64.whl", hash = "sha256:920b0911bb2e4414c50e55bd658baeb78281a47feeb064ab40c2b66ecba85553", size = 20858403 },
    { url = "https://files.pythonhosted.org/packages/32/fc/d69092b9171efa0cb8079577e71ce0cac0e08f917d33f6e99c916ed51d44/numpy-2.1.1-cp313-cp313t-macosx_11_0_arm64.whl", hash = "sha256:bab7c09454460a487e631ffc0c42057e3d8f2a9ddccd1e60c7bb8ed774992480", size = 13519851 },
    { url = "https://files.pythonhosted.org/packages/14/2a/d7cf2cd9f15b23f623075546ea64a2c367cab703338ca22aaaecf7e704df/numpy-2.1.1-cp313-cp313t-macosx_14_0_arm64.whl", hash = "sha256:cea427d1350f3fd0d2818ce7350095c1a2ee33e30961d2f0fef48576ddbbe90f", size = 5115444 },
    { url = "https://files.pythonhosted.org/packages/8e/00/e87b2cb4afcecca3b678deefb8fa53005d7054f3b5c39596e5554e5d98f8/numpy-2.1.1-cp313-cp313t-macosx_14_0_x86_64.whl", hash = "sha256:e30356d530528a42eeba51420ae8bf6c6c09559051887196599d96ee5f536468", size = 6628903 },
    { url = "https://files.pythonhosted.org/packages/ab/9d/337ae8721b3beec48c3413d71f2d44b2defbf3c6f7a85184fc18b7b61f4a/numpy-2.1.1-cp313-cp313t-manylinux_2_17_aarch64.manylinux2014_aarch64.whl", hash = "sha256:e8dfa9e94fc127c40979c3eacbae1e61fda4fe71d84869cc129e2721973231ef", size = 13665945 },
    { url = "https://files.pythonhosted.org/packages/c0/90/ee8668e84c5d5cc080ef3beb622c016adf19ca3aa51afe9dbdcc6a9baf59/numpy-2.1.1-cp313-cp313t-manylinux_2_17_x86_64.manylinux2014_x86_64.whl", hash = "sha256:910b47a6d0635ec1bd53b88f86120a52bf56dcc27b51f18c7b4a2e2224c29f0f", size = 16023473 },
    { url = "https://files.pythonhosted.org/packages/38/a0/57c24b2131879183051dc698fbb53fd43b77c3fa85b6e6311014f2bc2973/numpy-2.1.1-cp313-cp313t-musllinux_1_1_x86_64.whl", hash = "sha256:13cc11c00000848702322af4de0147ced365c81d66053a67c2e962a485b3717c", size = 16400624 },
    { url = "https://files.pythonhosted.org/packages/bb/4c/14a41eb5c9548c6cee6af0936eabfd985c69230ffa2f2598321431a9aa0a/numpy-2.1.1-cp313-cp313t-musllinux_1_2_aarch64.whl", hash = "sha256:53e27293b3a2b661c03f79aa51c3987492bd4641ef933e366e0f9f6c9bf257ec", size = 14155072 },
]

[[package]]
name = "pillow"
version = "10.4.0"
source = { registry = "https://pypi.org/simple" }
sdist = { url = "https://files.pythonhosted.org/packages/cd/74/ad3d526f3bf7b6d3f408b73fde271ec69dfac8b81341a318ce825f2b3812/pillow-10.4.0.tar.gz", hash = "sha256:166c1cd4d24309b30d61f79f4a9114b7b2313d7450912277855ff5dfd7cd4a06", size = 46555059 }
wheels = [
    { url = "https://files.pythonhosted.org/packages/05/cb/0353013dc30c02a8be34eb91d25e4e4cf594b59e5a55ea1128fde1e5f8ea/pillow-10.4.0-cp312-cp312-macosx_10_10_x86_64.whl", hash = "sha256:673655af3eadf4df6b5457033f086e90299fdd7a47983a13827acf7459c15d94", size = 3509350 },
    { url = "https://files.pythonhosted.org/packages/e7/cf/5c558a0f247e0bf9cec92bff9b46ae6474dd736f6d906315e60e4075f737/pillow-10.4.0-cp312-cp312-macosx_11_0_arm64.whl", hash = "sha256:866b6942a92f56300012f5fbac71f2d610312ee65e22f1aa2609e491284e5597", size = 3374980 },
    { url = "https://files.pythonhosted.org/packages/84/48/6e394b86369a4eb68b8a1382c78dc092245af517385c086c5094e3b34428/pillow-10.4.0-cp312-cp312-manylinux_2_17_aarch64.manylinux2014_aarch64.whl", hash = "sha256:29dbdc4207642ea6aad70fbde1a9338753d33fb23ed6956e706936706f52dd80", size = 4343799 },
    { url = "https://files.pythonhosted.org/packages/3b/f3/a8c6c11fa84b59b9df0cd5694492da8c039a24cd159f0f6918690105c3be/pillow-10.4.0-cp312-cp312-manylinux_2_17_x86_64.manylinux2014_x86_64.whl", hash = "sha256:bf2342ac639c4cf38799a44950bbc2dfcb685f052b9e262f446482afaf4bffca", size = 4459973 },
    { url = "https://files.pythonhosted.org/packages/7d/1b/c14b4197b80150fb64453585247e6fb2e1d93761fa0fa9cf63b102fde822/pillow-10.4.0-cp312-cp312-manylinux_2_28_aarch64.whl", hash = "sha256:f5b92f4d70791b4a67157321c4e8225d60b119c5cc9aee8ecf153aace4aad4ef", size = 4370054 },
    { url = "https://files.pythonhosted.org/packages/55/77/40daddf677897a923d5d33329acd52a2144d54a9644f2a5422c028c6bf2d/pillow-10.4.0-cp312-cp312-manylinux_2_28_x86_64.whl", hash = "sha256:86dcb5a1eb778d8b25659d5e4341269e8590ad6b4e8b44d9f4b07f8d136c414a", size = 4539484 },
    { url = "https://files.pythonhosted.org/packages/40/54/90de3e4256b1207300fb2b1d7168dd912a2fb4b2401e439ba23c2b2cabde/pillow-10.4.0-cp312-cp312-musllinux_1_2_aarch64.whl", hash = "sha256:780c072c2e11c9b2c7ca37f9a2ee8ba66f44367ac3e5c7832afcfe5104fd6d1b", size = 4477375 },
    { url = "https://files.pythonhosted.org/packages/13/24/1bfba52f44193860918ff7c93d03d95e3f8748ca1de3ceaf11157a14cf16/pillow-10.4.0-cp312-cp312-musllinux_1_2_x86_64.whl", hash = "sha256:37fb69d905be665f68f28a8bba3c6d3223c8efe1edf14cc4cfa06c241f8c81d9", size = 4608773 },
    { url = "https://files.pythonhosted.org/packages/55/04/5e6de6e6120451ec0c24516c41dbaf80cce1b6451f96561235ef2429da2e/pillow-10.4.0-cp312-cp312-win32.whl", hash = "sha256:7dfecdbad5c301d7b5bde160150b4db4c659cee2b69589705b6f8a0c509d9f42", size = 2235690 },
    { url = "https://files.pythonhosted.org/packages/74/0a/d4ce3c44bca8635bd29a2eab5aa181b654a734a29b263ca8efe013beea98/pillow-10.4.0-cp312-cp312-win_amd64.whl", hash = "sha256:1d846aea995ad352d4bdcc847535bd56e0fd88d36829d2c90be880ef1ee4668a", size = 2554951 },
    { url = "https://files.pythonhosted.org/packages/b5/ca/184349ee40f2e92439be9b3502ae6cfc43ac4b50bc4fc6b3de7957563894/pillow-10.4.0-cp312-cp312-win_arm64.whl", hash = "sha256:e553cad5179a66ba15bb18b353a19020e73a7921296a7979c4a2b7f6a5cd57f9", size = 2243427 },
    { url = "https://files.pythonhosted.org/packages/c3/00/706cebe7c2c12a6318aabe5d354836f54adff7156fd9e1bd6c89f4ba0e98/pillow-10.4.0-cp313-cp313-macosx_10_13_x86_64.whl", hash = "sha256:8bc1a764ed8c957a2e9cacf97c8b2b053b70307cf2996aafd70e91a082e70df3", size = 3525685 },
    { url = "https://files.pythonhosted.org/packages/cf/76/f658cbfa49405e5ecbfb9ba42d07074ad9792031267e782d409fd8fe7c69/pillow-10.4.0-cp313-cp313-macosx_11_0_arm64.whl", hash = "sha256:6209bb41dc692ddfee4942517c19ee81b86c864b626dbfca272ec0f7cff5d9fb", size = 3374883 },
    { url = "https://files.pythonhosted.org/packages/46/2b/99c28c4379a85e65378211971c0b430d9c7234b1ec4d59b2668f6299e011/pillow-10.4.0-cp313-cp313-manylinux_2_17_aarch64.manylinux2014_aarch64.whl", hash = "sha256:bee197b30783295d2eb680b311af15a20a8b24024a19c3a26431ff83eb8d1f70", size = 4339837 },
    { url = "https://files.pythonhosted.org/packages/f1/74/b1ec314f624c0c43711fdf0d8076f82d9d802afd58f1d62c2a86878e8615/pillow-10.4.0-cp313-cp313-manylinux_2_17_x86_64.manylinux2014_x86_64.whl", hash = "sha256:1ef61f5dd14c300786318482456481463b9d6b91ebe5ef12f405afbba77ed0be", size = 4455562 },
    { url = "https://files.pythonhosted.org/packages/4a/2a/4b04157cb7b9c74372fa867096a1607e6fedad93a44deeff553ccd307868/pillow-10.4.0-cp313-cp313-manylinux_2_28_aarch64.whl", hash = "sha256:297e388da6e248c98bc4a02e018966af0c5f92dfacf5a5ca22fa01cb3179bca0", size = 4366761 },
    { url = "https://files.pythonhosted.org/packages/ac/7b/8f1d815c1a6a268fe90481232c98dd0e5fa8c75e341a75f060037bd5ceae/pillow-10.4.0-cp313-cp313-manylinux_2_28_x86_64.whl", hash = "sha256:e4db64794ccdf6cb83a59d73405f63adbe2a1887012e308828596100a0b2f6cc", size = 4536767 },
    { url = "https://files.pythonhosted.org/packages/e5/77/05fa64d1f45d12c22c314e7b97398ffb28ef2813a485465017b7978b3ce7/pillow-10.4.0-cp313-cp313-musllinux_1_2_aarch64.whl", hash = "sha256:bd2880a07482090a3bcb01f4265f1936a903d70bc740bfcb1fd4e8a2ffe5cf5a", size = 4477989 },
    { url = "https://files.pythonhosted.org/packages/12/63/b0397cfc2caae05c3fb2f4ed1b4fc4fc878f0243510a7a6034ca59726494/pillow-10.4.0-cp313-cp313-musllinux_1_2_x86_64.whl", hash = "sha256:4b35b21b819ac1dbd1233317adeecd63495f6babf21b7b2512d244ff6c6ce309", size = 4610255 },
    { url = "https://files.pythonhosted.org/packages/7b/f9/cfaa5082ca9bc4a6de66ffe1c12c2d90bf09c309a5f52b27759a596900e7/pillow-10.4.0-cp313-cp313-win32.whl", hash = "sha256:551d3fd6e9dc15e4c1eb6fc4ba2b39c0c7933fa113b220057a34f4bb3268a060", size = 2235603 },
    { url = "https://files.pythonhosted.org/packages/01/6a/30ff0eef6e0c0e71e55ded56a38d4859bf9d3634a94a88743897b5f96936/pillow-10.4.0-cp313-cp313-win_amd64.whl", hash = "sha256:030abdbe43ee02e0de642aee345efa443740aa4d828bfe8e2eb11922ea6a21ea", size = 2554972 },
    { url = "https://files.pythonhosted.org/packages/48/2c/2e0a52890f269435eee38b21c8218e102c621fe8d8df8b9dd06fabf879ba/pillow-10.4.0-cp313-cp313-win_arm64.whl", hash = "sha256:5b001114dd152cfd6b23befeb28d7aee43553e2402c9f159807bf55f33af8a8d", size = 2243375 },
]

[[package]]
name = "pybind11"
version = "2.13.6"
source = { registry = "https://pypi.org/simple" }
sdist = { url = "https://files.pythonhosted.org/packages/d2/c1/72b9622fcb32ff98b054f724e213c7f70d6898baa714f4516288456ceaba/pybind11-2.13.6.tar.gz", hash = "sha256:ba6af10348c12b24e92fa086b39cfba0eff619b61ac77c406167d813b096d39a", size = 218403 }
wheels = [
    { url = "https://files.pythonhosted.org/packages/13/2f/0f24b288e2ce56f51c920137620b4434a38fd80583dbbe24fc2a1656c388/pybind11-2.13.6-py3-none-any.whl", hash = "sha256:237c41e29157b962835d356b370ededd57594a26d5894a795960f0047cb5caf5", size = 243282 },
]

[[package]]
name = "pysdl2"
version = "0.9.16"
source = { registry = "https://pypi.org/simple" }
sdist = { url = "https://files.pythonhosted.org/packages/63/ae/f40e4c4738fb39ce140950ed7d9bc21358826416d91a5426a190c612f789/PySDL2-0.9.16.tar.gz", hash = "sha256:1027406badbecdd30fe56e800a5a76ad7d7271a3aec0b7acf780ee26a00f2d40", size = 773537 }

[[package]]
name = "pysdl2-dll"
version = "2.30.2"
source = { registry = "https://pypi.org/simple" }
sdist = { url = "https://files.pythonhosted.org/packages/70/52/984b7935e21623d7c7c80d239a80e1cb15e073e049fd7e891baeb9e57aff/pysdl2-dll-2.30.2.tar.gz", hash = "sha256:fdde25cf1863c7cc538da4bb997f5bdf87cbbcf09aa6a736d11e6c3848d04900", size = 15381 }
wheels = [
    { url = "https://files.pythonhosted.org/packages/32/41/5ee4abcaf2f54706760264b3b3f4da1df781867dc4071068294ef005378d/pysdl2_dll-2.30.2-py2.py3-none-macosx_10_11_universal2.whl", hash = "sha256:bfab2f1a34a9eced88e9a6846f807596ecdc3a706779763a2e2be014f468da14", size = 6659130 },
    { url = "https://files.pythonhosted.org/packages/8a/28/7a07e09431bfe29d0506606ec1e5ac11abff6581139800017c8b54c0cc57/pysdl2_dll-2.30.2-py2.py3-none-macosx_10_11_x86_64.whl", hash = "sha256:890233f56f544d3f08c9a6cc1ca1d1ce9e2621983baaff74a949a93dc311ed9f", size = 6659129 },
    { url = "https://files.pythonhosted.org/packages/01/12/82daa7cd36494d22cbb81afe138731ad5fe1801973459541b52058de2c68/pysdl2_dll-2.30.2-py2.py3-none-manylinux2014_i686.whl", hash = "sha256:d8534970c452bb0c5b7a2a24c39105e28c69438333be285b7ccdb8edab2e9e90", size = 4545764 },
    { url = "https://files.pythonhosted.org/packages/07/32/d033a920c9e63b14a1cd7940297be73a74e96a8eeb9a06547501ee9c96e3/pysdl2_dll-2.30.2-py2.py3-none-manylinux2014_x86_64.whl", hash = "sha256:e6a3b4fbca88c4a729610bf35a0968a906166441f38479a95214ef6e347b197e", size = 4243200 },
    { url = "https://files.pythonhosted.org/packages/e1/24/1dd0bfca53de21b16c727844aa11e45c68a02ec54143287b94890f816a4a/pysdl2_dll-2.30.2-py2.py3-none-manylinux_2_28_aarch64.whl", hash = "sha256:dbb9bab74ed72912781523dbcaa537657faf9e3690d5c7f99712aea379dfe652", size = 4215124 },
    { url = "https://files.pythonhosted.org/packages/58/0b/7397cb3c636bf72f98d164ddb7b110b56888a7ea9e013da1bc1943e5676d/pysdl2_dll-2.30.2-py2.py3-none-manylinux_2_28_x86_64.whl", hash = "sha256:97e16b03b8d0a25c78dabb216ae741d9a2c174186d7544c93a4bce093b60bcca", size = 4990480 },
    { url = "https://files.pythonhosted.org/packages/a2/aa/cf113219b04c3e9008dd724dc5210ed00ddc9ddd582805d29358156a7daf/pysdl2_dll-2.30.2-py2.py3-none-win32.whl", hash = "sha256:2b710986fb7f0c36eebf0d75a8b1d96d47e3b31a926673a72f63d683494efbc9", size = 3624973 },
    { url = "https://files.pythonhosted.org/packages/b0/e0/96b1d1ea651de40e84b72a515171d9a75a5b298c8059b2807de50f579b85/pysdl2_dll-2.30.2-py2.py3-none-win_amd64.whl", hash = "sha256:1f243b9bd3f48a782f9feec26c261b0ae5ffbc3aa78756c5853e992fa5e7dfcf", size = 4135302 },
]

[[package]]
name = "skia-python"
version = "87.6"
source = { registry = "https://pypi.org/simple" }
dependencies = [
    { name = "numpy" },
    { name = "pybind11" },
]
wheels = [
    { url = "https://files.pythonhosted.org/packages/fe/50/ef3f0cb102de8c2d18db2c8fbfc2b2ffd02605ab952e8076108fc2578bb8/skia_python-87.6-cp312-cp312-macosx_10_9_x86_64.whl", hash = "sha256:ed97cb66397d70a87a86eca0a56695b34634b54628974cc9fe4ec33c6006eec8", size = 10377461 },
    { url = "https://files.pythonhosted.org/packages/2e/55/a21f44acf1650ede6e52dcadf91bce62f7ff486de53cc084270cdb66592d/skia_python-87.6-cp312-cp312-macosx_11_0_arm64.whl", hash = "sha256:5bd431b2571601da877275dc1b8f369ffcbaed15fe6a49c745faed0d4d53f2a7", size = 10053214 },
    { url = "https://files.pythonhosted.org/packages/7c/36/3a684cfc5d82241ea95f326a77308ba0b3605343ca106ca45e806cc5724c/skia_python-87.6-cp312-cp312-manylinux_2_17_aarch64.manylinux2014_aarch64.whl", hash = "sha256:099b45e9739825a0ed656a4c48d0587ef339262de28fefe5ba28e31bd6eab771", size = 10566150 },
    { url = "https://files.pythonhosted.org/packages/4f/cd/619177382d48c2ef75a2851ffb7dc96e8ba14b2dee965730d32732c988ab/skia_python-87.6-cp312-cp312-manylinux_2_17_x86_64.manylinux2014_x86_64.whl", hash = "sha256:b4797d81f053c9147e8c5006192083ad265d17f5f093b9bac5f0f0c166a78c0c", size = 10903560 },
    { url = "https://files.pythonhosted.org/packages/5a/1d/055734f28ababc7c3da6ec63d425630b2854c65d1dc5338a90f374afe067/skia_python-87.6-cp312-cp312-win_amd64.whl", hash = "sha256:e18e6b2fc7efde3a53c5a5ba49a88e083d0eac9ea78e3fbbfe5b61e9e6df0fed", size = 4210446 },
]
